{
  "version": 4,
  "terraform_version": "1.5.1",
  "serial": 155,
  "lineage": "70bdd94e-3d7c-edef-11a5-8eecb053ecbc",
  "outputs": {},
  "resources": [
    {
      "module": "module.clustering",
      "mode": "managed",
      "type": "aws_eks_cluster",
      "name": "global-cluster",
      "provider": "provider[\"registry.terraform.io/hashicorp/aws\"]",
      "instances": [
        {
          "schema_version": 0,
          "attributes": {
            "arn": "arn:aws:eks:us-west-2:896758399486:cluster/devcluster",
            "certificate_authority": [
              {
                "data": "LS0tLS1CRUdJTiBDRVJUSUZJQ0FURS0tLS0tCk1JSUMvakNDQWVhZ0F3SUJBZ0lCQURBTkJna3Foa2lHOXcwQkFRc0ZBREFWTVJNd0VRWURWUVFERXdwcmRXSmwKY201bGRHVnpNQjRYRFRJek1EY3hPREExTXpJek5Gb1hEVE16TURjeE5UQTFNekl6TkZvd0ZURVRNQkVHQTFVRQpBeE1LYTNWaVpYSnVaWFJsY3pDQ0FTSXdEUVlKS29aSWh2Y05BUUVCQlFBRGdnRVBBRENDQVFvQ2dnRUJBTUV1Cmgvcm9pcmM1aE44MUYwbnFwemU1WVJaaUR5K2planZKSExhUzZKQ0s5bVRzRHdMWHVWeWh5djZrdDhYbDZ5VkcKc0J0UlY1NzAwR05CVUxqbTYxdWFDL0U0U1c0VlpkSmJHUXordUlSZDcySnAwbkRJNU5hR2tRNTVOdGgzMlpFMgpzMVRZa0N6OGhzdkhrdTRBUVZkKzU0N3IvckpEblgzVHBsVXBtVWNNSjRlZU9TeDVjbzhhYWlwQktuckNBL1lJClNqR01KYU00Q216UjdsSGtrb0tMb1BzTEpsWi8yKzVWaU1maHB1OG0wNkFDNnJEanJIZUtxSDN2cWl1S3U4VlAKaThZK2JNTTYxZW1LdS8zREFwYjI5SkovQS94VGk2c3F3RDFMWjlDREtSaTBDTHlkandzL0s4OW1VZ2VuNE10Rwp5VjNBdTBQS0V6OStUVTRYbzAwQ0F3RUFBYU5aTUZjd0RnWURWUjBQQVFIL0JBUURBZ0trTUE4R0ExVWRFd0VCCi93UUZNQU1CQWY4d0hRWURWUjBPQkJZRUZFeE0yaEl6aDE2bDhYQk1MWEhCZUx2TE1MNGRNQlVHQTFVZEVRUU8KTUF5Q0NtdDFZbVZ5Ym1WMFpYTXdEUVlKS29aSWh2Y05BUUVMQlFBRGdnRUJBQ0k3cnVBbGdIdlBVQ1lEd3RKbgo2Mm0rVjlXK21ZaDFVcmNBdTlrdEgwb3k5SGdhMjFsMTBiR2ZqWUxUMzR0Z04veG5xN25TanlGdTJETEp0UHgwCmdoTGR5RGR2TXRiYzFqTG9vckF5ZFpBZ2xINVFuV0t3bUh2T09kdlBtcWJKRUlwUWxTUkNkYUNvUFlYTm8raFEKM2MzTnF4dm5Ib1hZM0orOWRFTjVSaEZlTFA3ZXIvRFBsbVZUV2tBUTZ0eDhkTU5yV0xqaExxeGkzL0dBNVYxNAoxSUk0MjBRa1VrcFhsVnNvMmtBS2M4QXJmcFdkQlR3ckZoMzBaNEdrVTBpVklWTkFSaGNqL1pkcVZkZkV5bjVJCklKUkNGeXdIYW55LzBQTHc3T2x6MzMrWDBCY2dheEVOUXJMYzkySlRmV3RGbWVzdnU3Vi9LTUxwTHppT2l3aWIKSVJ3PQotLS0tLUVORCBDRVJUSUZJQ0FURS0tLS0tCg=="
              }
            ],
            "created_at": "2023-07-18 05:26:16.661 +0000 UTC",
            "enabled_cluster_log_types": [],
            "encryption_config": [],
            "endpoint": "https://DBCA927F0B579BB8CB4A1B36CDA99E2A.sk1.us-west-2.eks.amazonaws.com",
            "id": "devcluster",
            "identity": [
              {
                "oidc": [
                  {
                    "issuer": "https://oidc.eks.us-west-2.amazonaws.com/id/DBCA927F0B579BB8CB4A1B36CDA99E2A"
                  }
                ]
              }
            ],
            "kubernetes_network_config": [
              {
                "service_ipv4_cidr": "10.100.0.0/16"
              }
            ],
            "name": "devcluster",
            "platform_version": "eks.5",
            "role_arn": "arn:aws:iam::896758399486:role/eksclusterrole",
            "status": "ACTIVE",
            "tags": {
              "Environment": "dev",
              "Name": "clustertype"
            },
            "tags_all": {
              "Environment": "dev",
              "Name": "clustertype"
            },
            "timeouts": null,
            "version": "1.25",
            "vpc_config": [
              {
                "cluster_security_group_id": "sg-0fb3f7ee90c932b4c",
                "endpoint_private_access": false,
                "endpoint_public_access": true,
                "public_access_cidrs": [
                  "0.0.0.0/0"
                ],
                "security_group_ids": [],
                "subnet_ids": [
                  "subnet-0792da246b4c4cd4f",
                  "subnet-0df8d6cd35c4ab3f7"
                ],
                "vpc_id": "vpc-0b5a1350cd31b527d"
              }
            ]
          },
          "sensitive_attributes": [],
          "private": "eyJlMmJmYjczMC1lY2FhLTExZTYtOGY4OC0zNDM2M2JjN2M0YzAiOnsiY3JlYXRlIjoxODAwMDAwMDAwMDAwLCJkZWxldGUiOjkwMDAwMDAwMDAwMCwidXBkYXRlIjozNjAwMDAwMDAwMDAwfX0=",
          "dependencies": [
            "module.clustering.aws_iam_role.globalrole",
            "module.clustering.aws_subnet.pubsub01",
            "module.clustering.aws_subnet.pubsub02",
            "module.clustering.aws_vpc.kubevpc"
          ]
        }
      ]
    },
    {
      "module": "module.clustering",
      "mode": "managed",
      "type": "aws_eks_node_group",
      "name": "global-node-group",
      "provider": "provider[\"registry.terraform.io/hashicorp/aws\"]",
      "instances": [
        {
          "schema_version": 0,
          "attributes": {
            "ami_type": "AL2_x86_64",
            "arn": "arn:aws:eks:us-west-2:896758399486:nodegroup/devcluster/HighIn/06c4b3c1-bb12-6921-16c4-d437f584eb21",
            "capacity_type": "ON_DEMAND",
            "cluster_name": "devcluster",
            "disk_size": 20,
            "force_update_version": null,
            "id": "devcluster:HighIn",
            "instance_types": [
              "t2.micro"
            ],
            "labels": {
              "zone": "west"
            },
            "launch_template": [],
            "node_group_name": "HighIn",
            "node_group_name_prefix": "",
            "node_role_arn": "arn:aws:iam::896758399486:role/node-group-role",
            "release_version": "1.25.9-20230703",
            "remote_access": [],
            "resources": [
              {
                "autoscaling_groups": [
                  {
                    "name": "eks-HighIn-06c4b3c1-bb12-6921-16c4-d437f584eb21"
                  }
                ],
                "remote_access_security_group_id": ""
              }
            ],
            "scaling_config": [
              {
                "desired_size": 2,
                "max_size": 3,
                "min_size": 2
              }
            ],
            "status": "ACTIVE",
            "subnet_ids": [
              "subnet-0792da246b4c4cd4f",
              "subnet-0df8d6cd35c4ab3f7"
            ],
            "tags": null,
            "tags_all": {},
            "taint": [],
            "timeouts": null,
            "update_config": [
              {
                "max_unavailable": 1,
                "max_unavailable_percentage": 0
              }
            ],
            "version": "1.25"
          },
          "sensitive_attributes": [],
          "private": "eyJlMmJmYjczMC1lY2FhLTExZTYtOGY4OC0zNDM2M2JjN2M0YzAiOnsiY3JlYXRlIjozNjAwMDAwMDAwMDAwLCJkZWxldGUiOjM2MDAwMDAwMDAwMDAsInVwZGF0ZSI6MzYwMDAwMDAwMDAwMH19",
          "dependencies": [
            "module.clustering.aws_eks_cluster.global-cluster",
            "module.clustering.aws_iam_role.global-node-group-role",
            "module.clustering.aws_iam_role_policy_attachment.global-eks-cni-policy",
            "module.clustering.aws_iam_role_policy_attachment.global-eks-container-policy",
            "module.clustering.aws_iam_role_policy_attachment.global-eks-worker-policy",
            "module.clustering.aws_subnet.pubsub01",
            "module.clustering.aws_subnet.pubsub02"
          ]
        }
      ]
    },
    {
      "module": "module.clustering",
      "mode": "managed",
      "type": "aws_iam_role",
      "name": "global-node-group-role",
      "provider": "provider[\"registry.terraform.io/hashicorp/aws\"]",
      "instances": [
        {
          "schema_version": 0,
          "attributes": {
            "arn": "arn:aws:iam::896758399486:role/node-group-role",
            "assume_role_policy": "{\"Version\":\"2012-10-17\",\"Statement\":[{\"Effect\":\"Allow\",\"Principal\":{\"Service\":\"ec2.amazonaws.com\"},\"Action\":\"sts:AssumeRole\"}]}",
            "create_date": "2023-07-18T05:25:48Z",
            "description": "",
            "force_detach_policies": false,
            "id": "node-group-role",
            "inline_policy": [
              {
                "name": "",
                "policy": ""
              }
            ],
            "managed_policy_arns": [
              "arn:aws:iam::aws:policy/AmazonEC2ContainerRegistryReadOnly",
              "arn:aws:iam::aws:policy/AmazonEKSWorkerNodePolicy",
              "arn:aws:iam::aws:policy/AmazonEKS_CNI_Policy"
            ],
            "max_session_duration": 3600,
            "name": "node-group-role",
            "name_prefix": "",
            "path": "/",
            "permissions_boundary": null,
            "tags": {},
            "tags_all": {},
            "unique_id": "AROA5BSXXIH7DW3SJVVLM"
          },
          "sensitive_attributes": [],
          "private": "bnVsbA=="
        }
      ]
    },
    {
      "module": "module.clustering",
      "mode": "managed",
      "type": "aws_iam_role",
      "name": "globalrole",
      "provider": "provider[\"registry.terraform.io/hashicorp/aws\"]",
      "instances": [
        {
          "schema_version": 0,
          "attributes": {
            "arn": "arn:aws:iam::896758399486:role/eksclusterrole",
            "assume_role_policy": "{\"Version\":\"2012-10-17\",\"Statement\":[{\"Effect\":\"Allow\",\"Principal\":{\"Service\":\"eks.amazonaws.com\"},\"Action\":\"sts:AssumeRole\"}]}",
            "create_date": "2023-07-18T05:25:48Z",
            "description": "",
            "force_detach_policies": false,
            "id": "eksclusterrole",
            "inline_policy": [
              {
                "name": "",
                "policy": ""
              }
            ],
            "managed_policy_arns": [
              "arn:aws:iam::aws:policy/AmazonEKSClusterPolicy"
            ],
            "max_session_duration": 3600,
            "name": "eksclusterrole",
            "name_prefix": "",
            "path": "/",
            "permissions_boundary": null,
            "tags": {},
            "tags_all": {},
            "unique_id": "AROA5BSXXIH7KUILQMHX6"
          },
          "sensitive_attributes": [],
          "private": "bnVsbA=="
        }
      ]
    },
    {
      "module": "module.clustering",
      "mode": "managed",
      "type": "aws_iam_role_policy_attachment",
      "name": "global-eks-cni-policy",
      "provider": "provider[\"registry.terraform.io/hashicorp/aws\"]",
      "instances": [
        {
          "schema_version": 0,
          "attributes": {
            "id": "node-group-role-20230718052549212700000002",
            "policy_arn": "arn:aws:iam::aws:policy/AmazonEKS_CNI_Policy",
            "role": "node-group-role"
          },
          "sensitive_attributes": [],
          "private": "bnVsbA==",
          "dependencies": [
            "module.clustering.aws_iam_role.global-node-group-role"
          ]
        }
      ]
    },
    {
      "module": "module.clustering",
      "mode": "managed",
      "type": "aws_iam_role_policy_attachment",
      "name": "global-eks-container-policy",
      "provider": "provider[\"registry.terraform.io/hashicorp/aws\"]",
      "instances": [
        {
          "schema_version": 0,
          "attributes": {
            "id": "node-group-role-20230718052549210000000001",
            "policy_arn": "arn:aws:iam::aws:policy/AmazonEC2ContainerRegistryReadOnly",
            "role": "node-group-role"
          },
          "sensitive_attributes": [],
          "private": "bnVsbA==",
          "dependencies": [
            "module.clustering.aws_iam_role.global-node-group-role"
          ]
        }
      ]
    },
    {
      "module": "module.clustering",
      "mode": "managed",
      "type": "aws_iam_role_policy_attachment",
      "name": "global-eks-worker-policy",
      "provider": "provider[\"registry.terraform.io/hashicorp/aws\"]",
      "instances": [
        {
          "schema_version": 0,
          "attributes": {
            "id": "node-group-role-20230718052549279200000003",
            "policy_arn": "arn:aws:iam::aws:policy/AmazonEKSWorkerNodePolicy",
            "role": "node-group-role"
          },
          "sensitive_attributes": [],
          "private": "bnVsbA==",
          "dependencies": [
            "module.clustering.aws_iam_role.global-node-group-role"
          ]
        }
      ]
    },
    {
      "module": "module.clustering",
      "mode": "managed",
      "type": "aws_iam_role_policy_attachment",
      "name": "globalatachment",
      "provider": "provider[\"registry.terraform.io/hashicorp/aws\"]",
      "instances": [
        {
          "schema_version": 0,
          "attributes": {
            "id": "eksclusterrole-20230718052549318800000004",
            "policy_arn": "arn:aws:iam::aws:policy/AmazonEKSClusterPolicy",
            "role": "eksclusterrole"
          },
          "sensitive_attributes": [],
          "private": "bnVsbA==",
          "dependencies": [
            "module.clustering.aws_iam_role.globalrole"
          ]
        }
      ]
    },
    {
      "module": "module.clustering",
      "mode": "managed",
      "type": "aws_internet_gateway",
      "name": "intgate",
      "provider": "provider[\"registry.terraform.io/hashicorp/aws\"]",
      "instances": [
        {
          "schema_version": 0,
          "attributes": {
            "arn": "arn:aws:ec2:us-west-2:896758399486:internet-gateway/igw-035df54bb93b4788e",
            "id": "igw-035df54bb93b4788e",
            "owner_id": "896758399486",
            "tags": {},
            "tags_all": {},
            "vpc_id": "vpc-0b5a1350cd31b527d"
          },
          "sensitive_attributes": [],
          "private": "bnVsbA==",
          "dependencies": [
            "module.clustering.aws_vpc.kubevpc"
          ]
        }
      ]
    },
    {
      "module": "module.clustering",
      "mode": "managed",
      "type": "aws_route_table",
      "name": "pubrt",
      "provider": "provider[\"registry.terraform.io/hashicorp/aws\"]",
      "instances": [
        {
          "schema_version": 0,
          "attributes": {
            "arn": "arn:aws:ec2:us-west-2:896758399486:route-table/rtb-0ae8b4f4d85d7919a",
            "id": "rtb-0ae8b4f4d85d7919a",
            "owner_id": "896758399486",
            "propagating_vgws": [],
            "route": [
              {
                "carrier_gateway_id": "",
                "cidr_block": "0.0.0.0/0",
                "destination_prefix_list_id": "",
                "egress_only_gateway_id": "",
                "gateway_id": "igw-035df54bb93b4788e",
                "instance_id": "",
                "ipv6_cidr_block": "",
                "local_gateway_id": "",
                "nat_gateway_id": "",
                "network_interface_id": "",
                "transit_gateway_id": "",
                "vpc_endpoint_id": "",
                "vpc_peering_connection_id": ""
              }
            ],
            "tags": {},
            "tags_all": {},
            "vpc_id": "vpc-0b5a1350cd31b527d"
          },
          "sensitive_attributes": [],
          "private": "bnVsbA==",
          "dependencies": [
            "module.clustering.aws_internet_gateway.intgate",
            "module.clustering.aws_vpc.kubevpc"
          ]
        }
      ]
    },
    {
      "module": "module.clustering",
      "mode": "managed",
      "type": "aws_route_table_association",
      "name": "routeassoc1",
      "provider": "provider[\"registry.terraform.io/hashicorp/aws\"]",
      "instances": [
        {
          "schema_version": 0,
          "attributes": {
            "gateway_id": "",
            "id": "rtbassoc-04b1cadc81390a259",
            "route_table_id": "rtb-0ae8b4f4d85d7919a",
            "subnet_id": "subnet-0792da246b4c4cd4f"
          },
          "sensitive_attributes": [],
          "private": "bnVsbA==",
          "dependencies": [
            "module.clustering.aws_internet_gateway.intgate",
            "module.clustering.aws_route_table.pubrt",
            "module.clustering.aws_subnet.pubsub01",
            "module.clustering.aws_vpc.kubevpc"
          ]
        }
      ]
    },
    {
      "module": "module.clustering",
      "mode": "managed",
      "type": "aws_route_table_association",
      "name": "routeassoc2",
      "provider": "provider[\"registry.terraform.io/hashicorp/aws\"]",
      "instances": [
        {
          "schema_version": 0,
          "attributes": {
            "gateway_id": "",
            "id": "rtbassoc-083f14dc3c715fb9b",
            "route_table_id": "rtb-0ae8b4f4d85d7919a",
            "subnet_id": "subnet-0df8d6cd35c4ab3f7"
          },
          "sensitive_attributes": [],
          "private": "bnVsbA==",
          "dependencies": [
            "module.clustering.aws_internet_gateway.intgate",
            "module.clustering.aws_route_table.pubrt",
            "module.clustering.aws_subnet.pubsub02",
            "module.clustering.aws_vpc.kubevpc"
          ]
        }
      ]
    },
    {
      "module": "module.clustering",
      "mode": "managed",
      "type": "aws_security_group",
      "name": "kubesg",
      "provider": "provider[\"registry.terraform.io/hashicorp/aws\"]",
      "instances": [
        {
          "schema_version": 1,
          "attributes": {
            "arn": "arn:aws:ec2:us-west-2:896758399486:security-group/sg-04955dcece2ebf605",
            "description": "This is to allow server to outside",
            "egress": [
              {
                "cidr_blocks": [
                  "0.0.0.0/0"
                ],
                "description": "",
                "from_port": 0,
                "ipv6_cidr_blocks": [],
                "prefix_list_ids": [],
                "protocol": "-1",
                "security_groups": [],
                "self": false,
                "to_port": 0
              }
            ],
            "id": "sg-04955dcece2ebf605",
            "ingress": [
              {
                "cidr_blocks": [
                  "0.0.0.0/0"
                ],
                "description": "",
                "from_port": 22,
                "ipv6_cidr_blocks": [],
                "prefix_list_ids": [],
                "protocol": "tcp",
                "security_groups": [],
                "self": false,
                "to_port": 22
              },
              {
                "cidr_blocks": [
                  "0.0.0.0/0"
                ],
                "description": "",
                "from_port": 80,
                "ipv6_cidr_blocks": [],
                "prefix_list_ids": [],
                "protocol": "tcp",
                "security_groups": [],
                "self": false,
                "to_port": 80
              }
            ],
            "name": "devsgforkube",
            "name_prefix": "",
            "owner_id": "896758399486",
            "revoke_rules_on_delete": false,
            "tags": {},
            "tags_all": {},
            "timeouts": null,
            "vpc_id": "vpc-0b5a1350cd31b527d"
          },
          "sensitive_attributes": [],
          "private": "eyJlMmJmYjczMC1lY2FhLTExZTYtOGY4OC0zNDM2M2JjN2M0YzAiOnsiY3JlYXRlIjo2MDAwMDAwMDAwMDAsImRlbGV0ZSI6OTAwMDAwMDAwMDAwfSwic2NoZW1hX3ZlcnNpb24iOiIxIn0=",
          "dependencies": [
            "module.clustering.aws_vpc.kubevpc"
          ]
        }
      ]
    },
    {
      "module": "module.clustering",
      "mode": "managed",
      "type": "aws_subnet",
      "name": "pubsub01",
      "provider": "provider[\"registry.terraform.io/hashicorp/aws\"]",
      "instances": [
        {
          "schema_version": 1,
          "attributes": {
            "arn": "arn:aws:ec2:us-west-2:896758399486:subnet/subnet-0792da246b4c4cd4f",
            "assign_ipv6_address_on_creation": false,
            "availability_zone": "us-west-2a",
            "availability_zone_id": "usw2-az2",
            "cidr_block": "192.168.0.0/18",
            "customer_owned_ipv4_pool": "",
            "id": "subnet-0792da246b4c4cd4f",
            "ipv6_cidr_block": "",
            "ipv6_cidr_block_association_id": "",
            "map_customer_owned_ip_on_launch": false,
            "map_public_ip_on_launch": true,
            "outpost_arn": "",
            "owner_id": "896758399486",
            "tags": {
              "Name": "dev-pubsub01"
            },
            "tags_all": {
              "Name": "dev-pubsub01"
            },
            "timeouts": null,
            "vpc_id": "vpc-0b5a1350cd31b527d"
          },
          "sensitive_attributes": [],
          "private": "eyJlMmJmYjczMC1lY2FhLTExZTYtOGY4OC0zNDM2M2JjN2M0YzAiOnsiY3JlYXRlIjo2MDAwMDAwMDAwMDAsImRlbGV0ZSI6MTIwMDAwMDAwMDAwMH0sInNjaGVtYV92ZXJzaW9uIjoiMSJ9",
          "dependencies": [
            "module.clustering.aws_vpc.kubevpc"
          ]
        }
      ]
    },
    {
      "module": "module.clustering",
      "mode": "managed",
      "type": "aws_subnet",
      "name": "pubsub02",
      "provider": "provider[\"registry.terraform.io/hashicorp/aws\"]",
      "instances": [
        {
          "schema_version": 1,
          "attributes": {
            "arn": "arn:aws:ec2:us-west-2:896758399486:subnet/subnet-0df8d6cd35c4ab3f7",
            "assign_ipv6_address_on_creation": false,
            "availability_zone": "us-west-2b",
            "availability_zone_id": "usw2-az1",
            "cidr_block": "192.168.64.0/18",
            "customer_owned_ipv4_pool": "",
            "id": "subnet-0df8d6cd35c4ab3f7",
            "ipv6_cidr_block": "",
            "ipv6_cidr_block_association_id": "",
            "map_customer_owned_ip_on_launch": false,
            "map_public_ip_on_launch": true,
            "outpost_arn": "",
            "owner_id": "896758399486",
            "tags": {
              "Name": "dev-pubsub02"
            },
            "tags_all": {
              "Name": "dev-pubsub02"
            },
            "timeouts": null,
            "vpc_id": "vpc-0b5a1350cd31b527d"
          },
          "sensitive_attributes": [],
          "private": "eyJlMmJmYjczMC1lY2FhLTExZTYtOGY4OC0zNDM2M2JjN2M0YzAiOnsiY3JlYXRlIjo2MDAwMDAwMDAwMDAsImRlbGV0ZSI6MTIwMDAwMDAwMDAwMH0sInNjaGVtYV92ZXJzaW9uIjoiMSJ9",
          "dependencies": [
            "module.clustering.aws_vpc.kubevpc"
          ]
        }
      ]
    },
    {
      "module": "module.clustering",
      "mode": "managed",
      "type": "aws_vpc",
      "name": "kubevpc",
      "provider": "provider[\"registry.terraform.io/hashicorp/aws\"]",
      "instances": [
        {
          "schema_version": 1,
          "attributes": {
            "arn": "arn:aws:ec2:us-west-2:896758399486:vpc/vpc-0b5a1350cd31b527d",
            "assign_generated_ipv6_cidr_block": false,
            "cidr_block": "192.168.0.0/16",
            "default_network_acl_id": "acl-0497bd660d1e71b25",
            "default_route_table_id": "rtb-08320044ab2ebb1eb",
            "default_security_group_id": "sg-0aaeec1011ac9423a",
            "dhcp_options_id": "dopt-08e2551da58ced598",
            "enable_classiclink": false,
            "enable_classiclink_dns_support": false,
            "enable_dns_hostnames": false,
            "enable_dns_support": true,
            "id": "vpc-0b5a1350cd31b527d",
            "instance_tenancy": "default",
            "ipv6_association_id": "",
            "ipv6_cidr_block": "",
            "main_route_table_id": "rtb-08320044ab2ebb1eb",
            "owner_id": "896758399486",
            "tags": {
              "Name": "dev-eks-vpc"
            },
            "tags_all": {
              "Name": "dev-eks-vpc"
            }
          },
          "sensitive_attributes": [],
          "private": "eyJzY2hlbWFfdmVyc2lvbiI6IjEifQ=="
        }
      ]
    }
  ],
  "check_results": null
}
